// !$*UTF8*$!
{
	archiveVersion = 1;
	classes = {
	};
	objectVersion = 46;
	objects = {

/* Begin PBXBuildFile section */
		AD0035811579366B0046A5FD /* testMemoire.c in Sources */ = {isa = PBXBuildFile; fileRef = AD00357F1579366B0046A5FD /* testMemoire.c */; };
		AD55533B156550F0007EB02A /* libcunit.a in Frameworks */ = {isa = PBXBuildFile; fileRef = AD55533A156550EF007EB02A /* libcunit.a */; };
		ADF5D0F7156815E900D07044 /* testOtpimizePool.c in Sources */ = {isa = PBXBuildFile; fileRef = ADF5D0F6156815E900D07044 /* testOtpimizePool.c */; };
		B427934C14DEB0EC007D0319 /* desasembleur.1 in CopyFiles */ = {isa = PBXBuildFile; fileRef = B427934B14DEB0EC007D0319 /* desasembleur.1 */; };
		B427935514DEB157007D0319 /* libBeaEngine_s_d.a in Frameworks */ = {isa = PBXBuildFile; fileRef = B427935414DEB157007D0319 /* libBeaEngine_s_d.a */; };
		B4ABD602150174EB00238EC7 /* test.c in Sources */ = {isa = PBXBuildFile; fileRef = B4ABD601150174EB00238EC7 /* test.c */; };
		B4E455A91507852800D0A41A /* testVide.c in Sources */ = {isa = PBXBuildFile; fileRef = B4E455A71507852800D0A41A /* testVide.c */; };
		B4FB672F15C9C45A00988F78 /* commandes.c in Sources */ = {isa = PBXBuildFile; fileRef = B4FB672E15C9C45A00988F78 /* commandes.c */; };
		B4FB673015C9C45A00988F78 /* commandes.c in Sources */ = {isa = PBXBuildFile; fileRef = B4FB672E15C9C45A00988F78 /* commandes.c */; };
		B4FB675615C9C48700988F78 /* desassembleur.c in Sources */ = {isa = PBXBuildFile; fileRef = B4FB673415C9C48700988F78 /* desassembleur.c */; };
		B4FB675715C9C48700988F78 /* desassembleur.c in Sources */ = {isa = PBXBuildFile; fileRef = B4FB673415C9C48700988F78 /* desassembleur.c */; };
		B4FB675815C9C48700988F78 /* dyndesass.c in Sources */ = {isa = PBXBuildFile; fileRef = B4FB673615C9C48700988F78 /* dyndesass.c */; };
		B4FB675915C9C48700988F78 /* dyndesass.c in Sources */ = {isa = PBXBuildFile; fileRef = B4FB673615C9C48700988F78 /* dyndesass.c */; };
		B4FB675A15C9C48700988F78 /* Fichier.c in Sources */ = {isa = PBXBuildFile; fileRef = B4FB673815C9C48700988F78 /* Fichier.c */; };
		B4FB675B15C9C48700988F78 /* Fichier.c in Sources */ = {isa = PBXBuildFile; fileRef = B4FB673815C9C48700988F78 /* Fichier.c */; };
		B4FB675C15C9C48700988F78 /* Graphe.c in Sources */ = {isa = PBXBuildFile; fileRef = B4FB673A15C9C48700988F78 /* Graphe.c */; };
		B4FB675D15C9C48700988F78 /* Graphe.c in Sources */ = {isa = PBXBuildFile; fileRef = B4FB673A15C9C48700988F78 /* Graphe.c */; };
		B4FB675E15C9C48700988F78 /* instruction.c in Sources */ = {isa = PBXBuildFile; fileRef = B4FB673C15C9C48700988F78 /* instruction.c */; };
		B4FB675F15C9C48700988F78 /* instruction.c in Sources */ = {isa = PBXBuildFile; fileRef = B4FB673C15C9C48700988F78 /* instruction.c */; };
		B4FB676015C9C48700988F78 /* LinkedList.c in Sources */ = {isa = PBXBuildFile; fileRef = B4FB673E15C9C48700988F78 /* LinkedList.c */; };
		B4FB676115C9C48700988F78 /* LinkedList.c in Sources */ = {isa = PBXBuildFile; fileRef = B4FB673E15C9C48700988F78 /* LinkedList.c */; };
		B4FB676215C9C48700988F78 /* liste_instr.c in Sources */ = {isa = PBXBuildFile; fileRef = B4FB674015C9C48700988F78 /* liste_instr.c */; };
		B4FB676315C9C48700988F78 /* liste_instr.c in Sources */ = {isa = PBXBuildFile; fileRef = B4FB674015C9C48700988F78 /* liste_instr.c */; };
		B4FB676415C9C48700988F78 /* loader.c in Sources */ = {isa = PBXBuildFile; fileRef = B4FB674215C9C48700988F78 /* loader.c */; };
		B4FB676515C9C48700988F78 /* loader.c in Sources */ = {isa = PBXBuildFile; fileRef = B4FB674215C9C48700988F78 /* loader.c */; };
		B4FB676615C9C48700988F78 /* loaderElf.c in Sources */ = {isa = PBXBuildFile; fileRef = B4FB674415C9C48700988F78 /* loaderElf.c */; };
		B4FB676715C9C48700988F78 /* loaderElf.c in Sources */ = {isa = PBXBuildFile; fileRef = B4FB674415C9C48700988F78 /* loaderElf.c */; };
		B4FB676815C9C48700988F78 /* LoaderMach.c in Sources */ = {isa = PBXBuildFile; fileRef = B4FB674615C9C48700988F78 /* LoaderMach.c */; };
		B4FB676915C9C48700988F78 /* LoaderMach.c in Sources */ = {isa = PBXBuildFile; fileRef = B4FB674615C9C48700988F78 /* LoaderMach.c */; };
		B4FB676A15C9C48700988F78 /* main.c in Sources */ = {isa = PBXBuildFile; fileRef = B4FB674915C9C48700988F78 /* main.c */; };
		B4FB676C15C9C48700988F78 /* memoire.c in Sources */ = {isa = PBXBuildFile; fileRef = B4FB674A15C9C48700988F78 /* memoire.c */; };
		B4FB676D15C9C48700988F78 /* memoire.c in Sources */ = {isa = PBXBuildFile; fileRef = B4FB674A15C9C48700988F78 /* memoire.c */; };
		B4FB676E15C9C48700988F78 /* pile.c in Sources */ = {isa = PBXBuildFile; fileRef = B4FB674C15C9C48700988F78 /* pile.c */; };
		B4FB676F15C9C48700988F78 /* pile.c in Sources */ = {isa = PBXBuildFile; fileRef = B4FB674C15C9C48700988F78 /* pile.c */; };
		B4FB677015C9C48700988F78 /* processeur.c in Sources */ = {isa = PBXBuildFile; fileRef = B4FB674E15C9C48700988F78 /* processeur.c */; };
		B4FB677115C9C48700988F78 /* processeur.c in Sources */ = {isa = PBXBuildFile; fileRef = B4FB674E15C9C48700988F78 /* processeur.c */; };
		B4FB677215C9C48700988F78 /* registre.c in Sources */ = {isa = PBXBuildFile; fileRef = B4FB675015C9C48700988F78 /* registre.c */; };
		B4FB677315C9C48700988F78 /* registre.c in Sources */ = {isa = PBXBuildFile; fileRef = B4FB675015C9C48700988F78 /* registre.c */; };
		B4FB677415C9C48700988F78 /* variable.c in Sources */ = {isa = PBXBuildFile; fileRef = B4FB675215C9C48700988F78 /* variable.c */; };
		B4FB677515C9C48700988F78 /* variable.c in Sources */ = {isa = PBXBuildFile; fileRef = B4FB675215C9C48700988F78 /* variable.c */; };
		B4FB677615C9C48700988F78 /* Vide.c in Sources */ = {isa = PBXBuildFile; fileRef = B4FB675415C9C48700988F78 /* Vide.c */; };
		B4FB677715C9C48700988F78 /* Vide.c in Sources */ = {isa = PBXBuildFile; fileRef = B4FB675415C9C48700988F78 /* Vide.c */; };
		B4FF379F1503938400D78BD0 /* testDyndesass.c in Sources */ = {isa = PBXBuildFile; fileRef = B4FF379215038CF400D78BD0 /* testDyndesass.c */; };
		B4FF37A71503942500D78BD0 /* libBeaEngine_s_d.a in Frameworks */ = {isa = PBXBuildFile; fileRef = B427935414DEB157007D0319 /* libBeaEngine_s_d.a */; };
/* End PBXBuildFile section */

/* Begin PBXCopyFilesBuildPhase section */
		B427934314DEB0EC007D0319 /* CopyFiles */ = {
			isa = PBXCopyFilesBuildPhase;
			buildActionMask = 2147483647;
			dstPath = /usr/share/man/man1/;
			dstSubfolderSpec = 0;
			files = (
				B427934C14DEB0EC007D0319 /* desasembleur.1 in CopyFiles */,
			);
			runOnlyForDeploymentPostprocessing = 1;
		};
		B4AF79E31501568800573ABD /* CopyFiles */ = {
			isa = PBXCopyFilesBuildPhase;
			buildActionMask = 2147483647;
			dstPath = /usr/share/man/man1/;
			dstSubfolderSpec = 0;
			files = (
			);
			runOnlyForDeploymentPostprocessing = 1;
		};
/* End PBXCopyFilesBuildPhase section */

/* Begin PBXFileReference section */
		AD00357F1579366B0046A5FD /* testMemoire.c */ = {isa = PBXFileReference; fileEncoding = 4; lastKnownFileType = sourcecode.c.c; name = testMemoire.c; path = test/testMemoire.c; sourceTree = "<group>"; };
		AD0035801579366B0046A5FD /* testMemoire.h */ = {isa = PBXFileReference; fileEncoding = 4; lastKnownFileType = sourcecode.c.h; name = testMemoire.h; path = test/testMemoire.h; sourceTree = "<group>"; };
		AD55533A156550EF007EB02A /* libcunit.a */ = {isa = PBXFileReference; lastKnownFileType = archive.ar; name = libcunit.a; path = lib/Darwin..Debug/libcunit.a; sourceTree = "<group>"; };
		ADF5D0F6156815E900D07044 /* testOtpimizePool.c */ = {isa = PBXFileReference; fileEncoding = 4; lastKnownFileType = sourcecode.c.c; name = testOtpimizePool.c; path = test/testOtpimizePool.c; sourceTree = "<group>"; };
		ADF5D0F91568160900D07044 /* testOtpimizePool.h */ = {isa = PBXFileReference; lastKnownFileType = sourcecode.c.h; name = testOtpimizePool.h; path = test/testOtpimizePool.h; sourceTree = "<group>"; };
		B40779251503D0670082F3D8 /* Modele.c */ = {isa = PBXFileReference; lastKnownFileType = sourcecode.c.c; name = Modele.c; path = test/Modele.c; sourceTree = "<group>"; };
		B407792A150401BF0082F3D8 /* testVide.h */ = {isa = PBXFileReference; lastKnownFileType = sourcecode.c.h; name = testVide.h; path = test/testVide.h; sourceTree = "<group>"; };
		B427933C14DEB09B007D0319 /* basic_types.h */ = {isa = PBXFileReference; lastKnownFileType = sourcecode.c.h; path = basic_types.h; sourceTree = "<group>"; };
		B427933D14DEB09B007D0319 /* export.h */ = {isa = PBXFileReference; lastKnownFileType = sourcecode.c.h; path = export.h; sourceTree = "<group>"; };
		B427933E14DEB09B007D0319 /* macros.h */ = {isa = PBXFileReference; lastKnownFileType = sourcecode.c.h; path = macros.h; sourceTree = "<group>"; };
		B427934514DEB0EC007D0319 /* desasembleur */ = {isa = PBXFileReference; explicitFileType = "compiled.mach-o.executable"; includeInIndex = 0; path = desasembleur; sourceTree = BUILT_PRODUCTS_DIR; };
		B427934B14DEB0EC007D0319 /* desasembleur.1 */ = {isa = PBXFileReference; lastKnownFileType = text.man; name = desasembleur.1; path = desasembleur/desasembleur.1; sourceTree = "<group>"; };
		B427935414DEB157007D0319 /* libBeaEngine_s_d.a */ = {isa = PBXFileReference; lastKnownFileType = archive.ar; name = libBeaEngine_s_d.a; path = lib/Darwin..Debug/libBeaEngine_s_d.a; sourceTree = "<group>"; };
		B4ABD601150174EB00238EC7 /* test.c */ = {isa = PBXFileReference; fileEncoding = 4; lastKnownFileType = sourcecode.c.c; lineEnding = 0; name = test.c; path = test/test.c; sourceTree = "<group>"; xcLanguageSpecificationIdentifier = xcode.lang.c; };
		B4ABD6031501753600238EC7 /* runTest.sh */ = {isa = PBXFileReference; lastKnownFileType = text.script.sh; name = runTest.sh; path = test/runTest.sh; sourceTree = "<group>"; };
		B4AF79E51501568800573ABD /* test */ = {isa = PBXFileReference; explicitFileType = "compiled.mach-o.executable"; includeInIndex = 0; path = test; sourceTree = BUILT_PRODUCTS_DIR; };
		B4E455A71507852800D0A41A /* testVide.c */ = {isa = PBXFileReference; fileEncoding = 4; lastKnownFileType = sourcecode.c.c; name = testVide.c; path = test/testVide.c; sourceTree = "<group>"; };
		B4FB672E15C9C45A00988F78 /* commandes.c */ = {isa = PBXFileReference; fileEncoding = 4; lastKnownFileType = sourcecode.c.c; name = commandes.c; path = src/commandes.c; sourceTree = "<group>"; };
		B4FB673115C9C48700988F78 /* _macro_Build.h */ = {isa = PBXFileReference; fileEncoding = 4; lastKnownFileType = sourcecode.c.h; name = _macro_Build.h; path = src/_macro_Build.h; sourceTree = "<group>"; };
		B4FB673215C9C48700988F78 /* BeaEngine.h */ = {isa = PBXFileReference; fileEncoding = 4; lastKnownFileType = sourcecode.c.h; name = BeaEngine.h; path = src/BeaEngine.h; sourceTree = "<group>"; };
		B4FB673315C9C48700988F78 /* commandes.h */ = {isa = PBXFileReference; fileEncoding = 4; lastKnownFileType = sourcecode.c.h; name = commandes.h; path = src/commandes.h; sourceTree = "<group>"; };
		B4FB673415C9C48700988F78 /* desassembleur.c */ = {isa = PBXFileReference; fileEncoding = 4; lastKnownFileType = sourcecode.c.c; name = desassembleur.c; path = src/desassembleur.c; sourceTree = "<group>"; };
		B4FB673515C9C48700988F78 /* desassembleur.h */ = {isa = PBXFileReference; fileEncoding = 4; lastKnownFileType = sourcecode.c.h; name = desassembleur.h; path = src/desassembleur.h; sourceTree = "<group>"; };
		B4FB673615C9C48700988F78 /* dyndesass.c */ = {isa = PBXFileReference; fileEncoding = 4; lastKnownFileType = sourcecode.c.c; name = dyndesass.c; path = src/dyndesass.c; sourceTree = "<group>"; };
		B4FB673715C9C48700988F78 /* dyndesass.h */ = {isa = PBXFileReference; fileEncoding = 4; lastKnownFileType = sourcecode.c.h; name = dyndesass.h; path = src/dyndesass.h; sourceTree = "<group>"; };
		B4FB673815C9C48700988F78 /* Fichier.c */ = {isa = PBXFileReference; fileEncoding = 4; lastKnownFileType = sourcecode.c.c; name = Fichier.c; path = src/Fichier.c; sourceTree = "<group>"; };
		B4FB673915C9C48700988F78 /* Fichier.h */ = {isa = PBXFileReference; fileEncoding = 4; lastKnownFileType = sourcecode.c.h; name = Fichier.h; path = src/Fichier.h; sourceTree = "<group>"; };
		B4FB673A15C9C48700988F78 /* Graphe.c */ = {isa = PBXFileReference; fileEncoding = 4; lastKnownFileType = sourcecode.c.c; name = Graphe.c; path = src/Graphe.c; sourceTree = "<group>"; };
		B4FB673B15C9C48700988F78 /* Graphe.h */ = {isa = PBXFileReference; fileEncoding = 4; lastKnownFileType = sourcecode.c.h; name = Graphe.h; path = src/Graphe.h; sourceTree = "<group>"; };
		B4FB673C15C9C48700988F78 /* instruction.c */ = {isa = PBXFileReference; fileEncoding = 4; lastKnownFileType = sourcecode.c.c; name = instruction.c; path = src/instruction.c; sourceTree = "<group>"; };
		B4FB673D15C9C48700988F78 /* instruction.h */ = {isa = PBXFileReference; fileEncoding = 4; lastKnownFileType = sourcecode.c.h; name = instruction.h; path = src/instruction.h; sourceTree = "<group>"; };
		B4FB673E15C9C48700988F78 /* LinkedList.c */ = {isa = PBXFileReference; fileEncoding = 4; lastKnownFileType = sourcecode.c.c; name = LinkedList.c; path = src/LinkedList.c; sourceTree = "<group>"; };
		B4FB673F15C9C48700988F78 /* LinkedList.h */ = {isa = PBXFileReference; fileEncoding = 4; lastKnownFileType = sourcecode.c.h; name = LinkedList.h; path = src/LinkedList.h; sourceTree = "<group>"; };
		B4FB674015C9C48700988F78 /* liste_instr.c */ = {isa = PBXFileReference; fileEncoding = 4; lastKnownFileType = sourcecode.c.c; name = liste_instr.c; path = src/liste_instr.c; sourceTree = "<group>"; };
		B4FB674115C9C48700988F78 /* liste_instr.h */ = {isa = PBXFileReference; fileEncoding = 4; lastKnownFileType = sourcecode.c.h; name = liste_instr.h; path = src/liste_instr.h; sourceTree = "<group>"; };
		B4FB674215C9C48700988F78 /* loader.c */ = {isa = PBXFileReference; fileEncoding = 4; lastKnownFileType = sourcecode.c.c; name = loader.c; path = src/loader.c; sourceTree = "<group>"; };
		B4FB674315C9C48700988F78 /* loader.h */ = {isa = PBXFileReference; fileEncoding = 4; lastKnownFileType = sourcecode.c.h; name = loader.h; path = src/loader.h; sourceTree = "<group>"; };
		B4FB674415C9C48700988F78 /* loaderElf.c */ = {isa = PBXFileReference; fileEncoding = 4; lastKnownFileType = sourcecode.c.c; name = loaderElf.c; path = src/loaderElf.c; sourceTree = "<group>"; };
		B4FB674515C9C48700988F78 /* loaderElf.h */ = {isa = PBXFileReference; fileEncoding = 4; lastKnownFileType = sourcecode.c.h; name = loaderElf.h; path = src/loaderElf.h; sourceTree = "<group>"; };
		B4FB674615C9C48700988F78 /* LoaderMach.c */ = {isa = PBXFileReference; fileEncoding = 4; lastKnownFileType = sourcecode.c.c; name = LoaderMach.c; path = src/LoaderMach.c; sourceTree = "<group>"; };
		B4FB674715C9C48700988F78 /* LoaderMach.h */ = {isa = PBXFileReference; fileEncoding = 4; lastKnownFileType = sourcecode.c.h; name = LoaderMach.h; path = src/LoaderMach.h; sourceTree = "<group>"; };
		B4FB674815C9C48700988F78 /* macro.h */ = {isa = PBXFileReference; fileEncoding = 4; lastKnownFileType = sourcecode.c.h; name = macro.h; path = src/macro.h; sourceTree = "<group>"; };
		B4FB674915C9C48700988F78 /* main.c */ = {isa = PBXFileReference; fileEncoding = 4; lastKnownFileType = sourcecode.c.c; name = main.c; path = src/main.c; sourceTree = "<group>"; };
		B4FB674A15C9C48700988F78 /* memoire.c */ = {isa = PBXFileReference; fileEncoding = 4; lastKnownFileType = sourcecode.c.c; name = memoire.c; path = src/memoire.c; sourceTree = "<group>"; };
		B4FB674B15C9C48700988F78 /* memoire.h */ = {isa = PBXFileReference; fileEncoding = 4; lastKnownFileType = sourcecode.c.h; name = memoire.h; path = src/memoire.h; sourceTree = "<group>"; };
		B4FB674C15C9C48700988F78 /* pile.c */ = {isa = PBXFileReference; fileEncoding = 4; lastKnownFileType = sourcecode.c.c; name = pile.c; path = src/pile.c; sourceTree = "<group>"; };
		B4FB674D15C9C48700988F78 /* pile.h */ = {isa = PBXFileReference; fileEncoding = 4; lastKnownFileType = sourcecode.c.h; name = pile.h; path = src/pile.h; sourceTree = "<group>"; };
		B4FB674E15C9C48700988F78 /* processeur.c */ = {isa = PBXFileReference; fileEncoding = 4; lastKnownFileType = sourcecode.c.c; name = processeur.c; path = src/processeur.c; sourceTree = "<group>"; };
		B4FB674F15C9C48700988F78 /* processeur.h */ = {isa = PBXFileReference; fileEncoding = 4; lastKnownFileType = sourcecode.c.h; name = processeur.h; path = src/processeur.h; sourceTree = "<group>"; };
		B4FB675015C9C48700988F78 /* registre.c */ = {isa = PBXFileReference; fileEncoding = 4; lastKnownFileType = sourcecode.c.c; name = registre.c; path = src/registre.c; sourceTree = "<group>"; };
		B4FB675115C9C48700988F78 /* registre.h */ = {isa = PBXFileReference; fileEncoding = 4; lastKnownFileType = sourcecode.c.h; name = registre.h; path = src/registre.h; sourceTree = "<group>"; };
		B4FB675215C9C48700988F78 /* variable.c */ = {isa = PBXFileReference; fileEncoding = 4; lastKnownFileType = sourcecode.c.c; name = variable.c; path = src/variable.c; sourceTree = "<group>"; };
		B4FB675315C9C48700988F78 /* variable.h */ = {isa = PBXFileReference; fileEncoding = 4; lastKnownFileType = sourcecode.c.h; name = variable.h; path = src/variable.h; sourceTree = "<group>"; };
		B4FB675415C9C48700988F78 /* Vide.c */ = {isa = PBXFileReference; fileEncoding = 4; lastKnownFileType = sourcecode.c.c; name = Vide.c; path = src/Vide.c; sourceTree = "<group>"; };
		B4FB675515C9C48700988F78 /* Vide.h */ = {isa = PBXFileReference; fileEncoding = 4; lastKnownFileType = sourcecode.c.h; name = Vide.h; path = src/Vide.h; sourceTree = "<group>"; };
		B4FF379215038CF400D78BD0 /* testDyndesass.c */ = {isa = PBXFileReference; fileEncoding = 4; lastKnownFileType = sourcecode.c.c; lineEnding = 0; name = testDyndesass.c; path = test/testDyndesass.c; sourceTree = "<group>"; xcLanguageSpecificationIdentifier = xcode.lang.c; };
		B4FF37A91503CBC200D78BD0 /* testDyndesass.h */ = {isa = PBXFileReference; lastKnownFileType = sourcecode.c.h; lineEnding = 0; name = testDyndesass.h; path = test/testDyndesass.h; sourceTree = "<group>"; xcLanguageSpecificationIdentifier = xcode.lang.objcpp; };
/* End PBXFileReference section */

/* Begin PBXFrameworksBuildPhase section */
		B427934214DEB0EC007D0319 /* Frameworks */ = {
			isa = PBXFrameworksBuildPhase;
			buildActionMask = 2147483647;
			files = (
				B427935514DEB157007D0319 /* libBeaEngine_s_d.a in Frameworks */,
			);
			runOnlyForDeploymentPostprocessing = 0;
		};
		B4AF79E21501568800573ABD /* Frameworks */ = {
			isa = PBXFrameworksBuildPhase;
			buildActionMask = 2147483647;
			files = (
				B4FF37A71503942500D78BD0 /* libBeaEngine_s_d.a in Frameworks */,
				AD55533B156550F0007EB02A /* libcunit.a in Frameworks */,
			);
			runOnlyForDeploymentPostprocessing = 0;
		};
/* End PBXFrameworksBuildPhase section */

/* Begin PBXGroup section */
		B427932414DEAFC0007D0319 = {
			isa = PBXGroup;
			children = (
				B427935614DEB5EB007D0319 /* librairies */,
				B427934B14DEB0EC007D0319 /* desasembleur.1 */,
				B4334F12151A33BB006E2986 /* macros */,
				B427933A14DEB066007D0319 /* headers */,
				B427934014DEB0AB007D0319 /* sources */,
				B4FB674915C9C48700988F78 /* main.c */,
				B4C1F6161501511C006F362F /* CUnit */,
				B427934614DEB0EC007D0319 /* Products */,
			);
			sourceTree = "<group>";
		};
		B427933A14DEB066007D0319 /* headers */ = {
			isa = PBXGroup;
			children = (
				B453216F15061AB3001C6689 /* primitives */,
				B4FB675115C9C48700988F78 /* registre.h */,
				B4FB674B15C9C48700988F78 /* memoire.h */,
				B4FB675315C9C48700988F78 /* variable.h */,
				B4FB674D15C9C48700988F78 /* pile.h */,
				B4FB674F15C9C48700988F78 /* processeur.h */,
				B4FB673D15C9C48700988F78 /* instruction.h */,
				B4FB674115C9C48700988F78 /* liste_instr.h */,
				B4FB673515C9C48700988F78 /* desassembleur.h */,
				B4FB673B15C9C48700988F78 /* Graphe.h */,
				B453216E150618DC001C6689 /* loaders */,
				B4FB674315C9C48700988F78 /* loader.h */,
				B4FB675515C9C48700988F78 /* Vide.h */,
				B4FB673715C9C48700988F78 /* dyndesass.h */,
				B4FB673315C9C48700988F78 /* commandes.h */,
			);
			name = headers;
			sourceTree = "<group>";
		};
		B427933B14DEB09B007D0319 /* beaengine */ = {
			isa = PBXGroup;
			children = (
				B427933C14DEB09B007D0319 /* basic_types.h */,
				B427933D14DEB09B007D0319 /* export.h */,
				B427933E14DEB09B007D0319 /* macros.h */,
			);
			path = beaengine;
			sourceTree = "<group>";
		};
		B427934014DEB0AB007D0319 /* sources */ = {
			isa = PBXGroup;
			children = (
				B453217015061AE7001C6689 /* primitives */,
				B4FB675015C9C48700988F78 /* registre.c */,
				B4FB674A15C9C48700988F78 /* memoire.c */,
				B4FB675215C9C48700988F78 /* variable.c */,
				B4FB674C15C9C48700988F78 /* pile.c */,
				B4FB674E15C9C48700988F78 /* processeur.c */,
				B4FB673C15C9C48700988F78 /* instruction.c */,
				B4FB674015C9C48700988F78 /* liste_instr.c */,
				B4FB673415C9C48700988F78 /* desassembleur.c */,
				B4FB673A15C9C48700988F78 /* Graphe.c */,
				B453216D150618C1001C6689 /* loaders */,
				B4FB674215C9C48700988F78 /* loader.c */,
				B4FB673615C9C48700988F78 /* dyndesass.c */,
				B4FB675415C9C48700988F78 /* Vide.c */,
				B4FB672E15C9C45A00988F78 /* commandes.c */,
			);
			name = sources;
			sourceTree = "<group>";
		};
		B427934614DEB0EC007D0319 /* Products */ = {
			isa = PBXGroup;
			children = (
				B427934514DEB0EC007D0319 /* desasembleur */,
				B4AF79E51501568800573ABD /* test */,
			);
			name = Products;
			sourceTree = "<group>";
		};
		B427935614DEB5EB007D0319 /* librairies */ = {
			isa = PBXGroup;
			children = (
				AD55533A156550EF007EB02A /* libcunit.a */,
				B4FB673215C9C48700988F78 /* BeaEngine.h */,
				B427933B14DEB09B007D0319 /* beaengine */,
				B427935414DEB157007D0319 /* libBeaEngine_s_d.a */,
			);
			name = librairies;
			sourceTree = "<group>";
		};
		B4334F12151A33BB006E2986 /* macros */ = {
			isa = PBXGroup;
			children = (
				B4FB673115C9C48700988F78 /* _macro_Build.h */,
				B4FB674815C9C48700988F78 /* macro.h */,
			);
			name = macros;
			sourceTree = "<group>";
		};
		B453216D150618C1001C6689 /* loaders */ = {
			isa = PBXGroup;
			children = (
				B4FB674615C9C48700988F78 /* LoaderMach.c */,
				B4FB674415C9C48700988F78 /* loaderElf.c */,
			);
			name = loaders;
			sourceTree = "<group>";
		};
		B453216E150618DC001C6689 /* loaders */ = {
			isa = PBXGroup;
			children = (
				B4FB674515C9C48700988F78 /* loaderElf.h */,
				B4FB674715C9C48700988F78 /* LoaderMach.h */,
			);
			name = loaders;
			sourceTree = "<group>";
		};
		B453216F15061AB3001C6689 /* primitives */ = {
			isa = PBXGroup;
			children = (
				B4FB673915C9C48700988F78 /* Fichier.h */,
				B4FB673F15C9C48700988F78 /* LinkedList.h */,
			);
			name = primitives;
			sourceTree = "<group>";
		};
		B453217015061AE7001C6689 /* primitives */ = {
			isa = PBXGroup;
			children = (
				B4FB673815C9C48700988F78 /* Fichier.c */,
				B4FB673E15C9C48700988F78 /* LinkedList.c */,
			);
			name = primitives;
			sourceTree = "<group>";
		};
		B4C1F6161501511C006F362F /* CUnit */ = {
			isa = PBXGroup;
			children = (
				B4FF37AC1503CDF200D78BD0 /* annexes */,
				B4FF37AA1503CDC400D78BD0 /* headers */,
				B4FF37AB1503CDD700D78BD0 /* sources */,
				B4ABD601150174EB00238EC7 /* test.c */,
			);
			name = CUnit;
			sourceTree = "<group>";
		};
		B4FF37AA1503CDC400D78BD0 /* headers */ = {
			isa = PBXGroup;
			children = (
				AD0035801579366B0046A5FD /* testMemoire.h */,
				B4FF37A91503CBC200D78BD0 /* testDyndesass.h */,
				ADF5D0F91568160900D07044 /* testOtpimizePool.h */,
				B407792A150401BF0082F3D8 /* testVide.h */,
			);
			name = headers;
			sourceTree = "<group>";
		};
		B4FF37AB1503CDD700D78BD0 /* sources */ = {
			isa = PBXGroup;
			children = (
				AD00357F1579366B0046A5FD /* testMemoire.c */,
				B4E455A71507852800D0A41A /* testVide.c */,
				B4FF379215038CF400D78BD0 /* testDyndesass.c */,
				ADF5D0F6156815E900D07044 /* testOtpimizePool.c */,
			);
			name = sources;
			sourceTree = "<group>";
		};
		B4FF37AC1503CDF200D78BD0 /* annexes */ = {
			isa = PBXGroup;
			children = (
				B40779251503D0670082F3D8 /* Modele.c */,
				B4ABD6031501753600238EC7 /* runTest.sh */,
			);
			name = annexes;
			sourceTree = "<group>";
		};
/* End PBXGroup section */

/* Begin PBXNativeTarget section */
		B427934414DEB0EC007D0319 /* desasembleur */ = {
			isa = PBXNativeTarget;
			buildConfigurationList = B427934D14DEB0EC007D0319 /* Build configuration list for PBXNativeTarget "desasembleur" */;
			buildPhases = (
				B427934114DEB0EC007D0319 /* Sources */,
				B427934214DEB0EC007D0319 /* Frameworks */,
				B427934314DEB0EC007D0319 /* CopyFiles */,
			);
			buildRules = (
			);
			dependencies = (
			);
			name = desasembleur;
			productName = desasembleur;
			productReference = B427934514DEB0EC007D0319 /* desasembleur */;
			productType = "com.apple.product-type.tool";
		};
		B4AF79E41501568800573ABD /* test */ = {
			isa = PBXNativeTarget;
			buildConfigurationList = B4AF79EC1501568800573ABD /* Build configuration list for PBXNativeTarget "test" */;
			buildPhases = (
				B4AF79E11501568800573ABD /* Sources */,
				B4AF79E21501568800573ABD /* Frameworks */,
				B4AF79E31501568800573ABD /* CopyFiles */,
			);
			buildRules = (
			);
			dependencies = (
			);
			name = test;
			productName = test;
			productReference = B4AF79E51501568800573ABD /* test */;
			productType = "com.apple.product-type.tool";
		};
/* End PBXNativeTarget section */

/* Begin PBXProject section */
		B427932614DEAFC0007D0319 /* Project object */ = {
			isa = PBXProject;
			attributes = {
				LastUpgradeCheck = 0430;
				ORGANIZATIONNAME = "Mines de Nancy";
			};
			buildConfigurationList = B427932914DEAFC0007D0319 /* Build configuration list for PBXProject "desassembleur" */;
			compatibilityVersion = "Xcode 3.2";
			developmentRegion = English;
			hasScannedForEncodings = 0;
			knownRegions = (
				en,
			);
			mainGroup = B427932414DEAFC0007D0319;
			productRefGroup = B427934614DEB0EC007D0319 /* Products */;
			projectDirPath = "";
			projectRoot = "";
			targets = (
				B427934414DEB0EC007D0319 /* desasembleur */,
				B4AF79E41501568800573ABD /* test */,
			);
		};
/* End PBXProject section */

/* Begin PBXSourcesBuildPhase section */
		B427934114DEB0EC007D0319 /* Sources */ = {
			isa = PBXSourcesBuildPhase;
			buildActionMask = 2147483647;
			files = (
				B4FB672F15C9C45A00988F78 /* commandes.c in Sources */,
				B4FB675615C9C48700988F78 /* desassembleur.c in Sources */,
				B4FB675815C9C48700988F78 /* dyndesass.c in Sources */,
				B4FB675A15C9C48700988F78 /* Fichier.c in Sources */,
				B4FB675C15C9C48700988F78 /* Graphe.c in Sources */,
				B4FB675E15C9C48700988F78 /* instruction.c in Sources */,
				B4FB676015C9C48700988F78 /* LinkedList.c in Sources */,
				B4FB676215C9C48700988F78 /* liste_instr.c in Sources */,
				B4FB676415C9C48700988F78 /* loader.c in Sources */,
				B4FB676615C9C48700988F78 /* loaderElf.c in Sources */,
				B4FB676815C9C48700988F78 /* LoaderMach.c in Sources */,
				B4FB676A15C9C48700988F78 /* main.c in Sources */,
				B4FB676C15C9C48700988F78 /* memoire.c in Sources */,
				B4FB676E15C9C48700988F78 /* pile.c in Sources */,
				B4FB677015C9C48700988F78 /* processeur.c in Sources */,
				B4FB677215C9C48700988F78 /* registre.c in Sources */,
				B4FB677415C9C48700988F78 /* variable.c in Sources */,
				B4FB677615C9C48700988F78 /* Vide.c in Sources */,
			);
			runOnlyForDeploymentPostprocessing = 0;
		};
		B4AF79E11501568800573ABD /* Sources */ = {
			isa = PBXSourcesBuildPhase;
			buildActionMask = 2147483647;
			files = (
				B4ABD602150174EB00238EC7 /* test.c in Sources */,
				B4FF379F1503938400D78BD0 /* testDyndesass.c in Sources */,
				B4E455A91507852800D0A41A /* testVide.c in Sources */,
				ADF5D0F7156815E900D07044 /* testOtpimizePool.c in Sources */,
				AD0035811579366B0046A5FD /* testMemoire.c in Sources */,
				B4FB673015C9C45A00988F78 /* commandes.c in Sources */,
				B4FB675715C9C48700988F78 /* desassembleur.c in Sources */,
				B4FB675915C9C48700988F78 /* dyndesass.c in Sources */,
				B4FB675B15C9C48700988F78 /* Fichier.c in Sources */,
				B4FB675D15C9C48700988F78 /* Graphe.c in Sources */,
				B4FB675F15C9C48700988F78 /* instruction.c in Sources */,
				B4FB676115C9C48700988F78 /* LinkedList.c in Sources */,
				B4FB676315C9C48700988F78 /* liste_instr.c in Sources */,
				B4FB676515C9C48700988F78 /* loader.c in Sources */,
				B4FB676715C9C48700988F78 /* loaderElf.c in Sources */,
				B4FB676915C9C48700988F78 /* LoaderMach.c in Sources */,
				B4FB676D15C9C48700988F78 /* memoire.c in Sources */,
				B4FB676F15C9C48700988F78 /* pile.c in Sources */,
				B4FB677115C9C48700988F78 /* processeur.c in Sources */,
				B4FB677315C9C48700988F78 /* registre.c in Sources */,
				B4FB677515C9C48700988F78 /* variable.c in Sources */,
				B4FB677715C9C48700988F78 /* Vide.c in Sources */,
			);
			runOnlyForDeploymentPostprocessing = 0;
		};
/* End PBXSourcesBuildPhase section */

/* Begin XCBuildConfiguration section */
		B427932B14DEAFC0007D0319 /* Debug */ = {
			isa = XCBuildConfiguration;
			buildSettings = {
				"HEADER_SEARCH_PATHS[arch=*]" = (
					/opt/local/include/libelf,
					/opt/local/include,
				);
				"LIBRARY_SEARCH_PATHS[arch=*]" = /usr/lib;
			};
			name = Debug;
		};
		B427932C14DEAFC0007D0319 /* Release */ = {
			isa = XCBuildConfiguration;
			buildSettings = {
				"HEADER_SEARCH_PATHS[arch=*]" = (
					/opt/local/include/libelf,
					/opt/local/include,
				);
				"LIBRARY_SEARCH_PATHS[arch=*]" = /usr/lib;
			};
			name = Release;
		};
		B427934E14DEB0EC007D0319 /* Debug */ = {
			isa = XCBuildConfiguration;
			buildSettings = {
				ALWAYS_SEARCH_USER_PATHS = NO;
				ARCHS = "$(ARCHS_STANDARD_64_BIT)";
				COPY_PHASE_STRIP = NO;
				GCC_C_LANGUAGE_STANDARD = gnu99;
				GCC_DYNAMIC_NO_PIC = NO;
				GCC_ENABLE_OBJC_EXCEPTIONS = YES;
				GCC_OPTIMIZATION_LEVEL = 0;
				GCC_PREPROCESSOR_DEFINITIONS = (
					"DEBUG=1",
					"$(inherited)",
				);
				GCC_SYMBOLS_PRIVATE_EXTERN = NO;
				GCC_VERSION = com.apple.compilers.llvm.clang.1_0;
				GCC_WARN_64_TO_32_BIT_CONVERSION = YES;
				GCC_WARN_ABOUT_MISSING_PROTOTYPES = YES;
				GCC_WARN_ABOUT_RETURN_TYPE = YES;
				GCC_WARN_UNUSED_VARIABLE = YES;
				LIBRARY_SEARCH_PATHS = (
					"$(inherited)",
					"\"$(SRCROOT)/lib/Darwin..Debug\"",
				);
				MACOSX_DEPLOYMENT_TARGET = 10.7;
				ONLY_ACTIVE_ARCH = YES;
				PRODUCT_NAME = "$(TARGET_NAME)";
				SDKROOT = macosx;
			};
			name = Debug;
		};
		B427934F14DEB0EC007D0319 /* Release */ = {
			isa = XCBuildConfiguration;
			buildSettings = {
				ALWAYS_SEARCH_USER_PATHS = NO;
				ARCHS = "$(ARCHS_STANDARD_64_BIT)";
				COPY_PHASE_STRIP = YES;
				DEBUG_INFORMATION_FORMAT = "dwarf-with-dsym";
				GCC_C_LANGUAGE_STANDARD = gnu99;
				GCC_ENABLE_OBJC_EXCEPTIONS = YES;
				GCC_VERSION = com.apple.compilers.llvm.clang.1_0;
				GCC_WARN_64_TO_32_BIT_CONVERSION = YES;
				GCC_WARN_ABOUT_MISSING_PROTOTYPES = YES;
				GCC_WARN_ABOUT_RETURN_TYPE = YES;
				GCC_WARN_UNUSED_VARIABLE = YES;
				LIBRARY_SEARCH_PATHS = (
					"$(inherited)",
					"\"$(SRCROOT)/lib/Darwin..Debug\"",
				);
				MACOSX_DEPLOYMENT_TARGET = 10.7;
				PRODUCT_NAME = "$(TARGET_NAME)";
				SDKROOT = macosx;
			};
			name = Release;
		};
		B4AF79EA1501568800573ABD /* Debug */ = {
			isa = XCBuildConfiguration;
			buildSettings = {
				ALWAYS_SEARCH_USER_PATHS = NO;
				ARCHS = "$(ARCHS_STANDARD_64_BIT)";
				CLANG_ENABLE_OBJC_ARC = YES;
				COPY_PHASE_STRIP = NO;
				GCC_C_LANGUAGE_STANDARD = gnu99;
				GCC_DYNAMIC_NO_PIC = NO;
				GCC_ENABLE_OBJC_EXCEPTIONS = YES;
				GCC_OPTIMIZATION_LEVEL = 0;
				GCC_PREPROCESSOR_DEFINITIONS = (
					"DEBUG=1",
					"$(inherited)",
				);
				GCC_SYMBOLS_PRIVATE_EXTERN = NO;
				GCC_VERSION = com.apple.compilers.llvm.clang.1_0;
				GCC_WARN_64_TO_32_BIT_CONVERSION = YES;
				GCC_WARN_ABOUT_MISSING_PROTOTYPES = NO;
				GCC_WARN_ABOUT_RETURN_TYPE = YES;
				GCC_WARN_UNINITIALIZED_AUTOS = YES;
				GCC_WARN_UNUSED_PARAMETER = YES;
				GCC_WARN_UNUSED_VARIABLE = YES;
				LIBRARY_SEARCH_PATHS = (
					"$(inherited)",
					"\"$(SRCROOT)/lib\"",
					"\"$(SRCROOT)/lib/Darwin..Debug\"",
				);
				MACOSX_DEPLOYMENT_TARGET = 10.7;
				ONLY_ACTIVE_ARCH = YES;
				PRODUCT_NAME = "$(TARGET_NAME)";
				SDKROOT = macosx;
				USER_HEADER_SEARCH_PATHS = "";
			};
			name = Debug;
		};
		B4AF79EB1501568800573ABD /* Release */ = {
			isa = XCBuildConfiguration;
			buildSettings = {
				ALWAYS_SEARCH_USER_PATHS = NO;
				ARCHS = "$(ARCHS_STANDARD_64_BIT)";
				CLANG_ENABLE_OBJC_ARC = YES;
				COPY_PHASE_STRIP = YES;
				DEBUG_INFORMATION_FORMAT = "dwarf-with-dsym";
				GCC_C_LANGUAGE_STANDARD = gnu99;
				GCC_ENABLE_OBJC_EXCEPTIONS = YES;
				GCC_VERSION = com.apple.compilers.llvm.clang.1_0;
				GCC_WARN_64_TO_32_BIT_CONVERSION = YES;
				GCC_WARN_ABOUT_MISSING_PROTOTYPES = NO;
				GCC_WARN_ABOUT_RETURN_TYPE = YES;
				GCC_WARN_UNINITIALIZED_AUTOS = YES;
				GCC_WARN_UNUSED_PARAMETER = YES;
				GCC_WARN_UNUSED_VARIABLE = YES;
				LIBRARY_SEARCH_PATHS = (
					"$(inherited)",
					"\"$(SRCROOT)/lib\"",
					"\"$(SRCROOT)/lib/Darwin..Debug\"",
				);
				MACOSX_DEPLOYMENT_TARGET = 10.7;
				PRODUCT_NAME = "$(TARGET_NAME)";
				SDKROOT = macosx;
				USER_HEADER_SEARCH_PATHS = "";
			};
			name = Release;
		};
/* End XCBuildConfiguration section */

/* Begin XCConfigurationList section */
		B427932914DEAFC0007D0319 /* Build configuration list for PBXProject "desassembleur" */ = {
			isa = XCConfigurationList;
			buildConfigurations = (
				B427932B14DEAFC0007D0319 /* Debug */,
				B427932C14DEAFC0007D0319 /* Release */,
			);
			defaultConfigurationIsVisible = 0;
			defaultConfigurationName = Release;
		};
		B427934D14DEB0EC007D0319 /* Build configuration list for PBXNativeTarget "desasembleur" */ = {
			isa = XCConfigurationList;
			buildConfigurations = (
				B427934E14DEB0EC007D0319 /* Debug */,
				B427934F14DEB0EC007D0319 /* Release */,
			);
			defaultConfigurationIsVisible = 0;
			defaultConfigurationName = Release;
		};
		B4AF79EC1501568800573ABD /* Build configuration list for PBXNativeTarget "test" */ = {
			isa = XCConfigurationList;
			buildConfigurations = (
				B4AF79EA1501568800573ABD /* Debug */,
				B4AF79EB1501568800573ABD /* Release */,
			);
			defaultConfigurationIsVisible = 0;
			defaultConfigurationName = Release;
		};
/* End XCConfigurationList section */
	};
	rootObject = B427932614DEAFC0007D0319 /* Project object */;
}
